
Microsoft Visual Studio Solution File, Format Version 12.00
# Visual Studio 14
VisualStudioVersion = 14.0.25420.1
MinimumVisualStudioVersion = 10.0.40219.1
Project("{8BC9CEB8-8B4A-11D0-8D11-00A0C91BC942}") = "MatrixAddition", "MatrixAddition\MatrixAddition.vcxproj", "{9D380A84-BF10-4A0F-ABDB-DB6D30757329}"
EndProject
Project("{8BC9CEB8-8B4A-11D0-8D11-00A0C91BC942}") = "VectorReduction", "VectorReduction\VectorReduction.vcxproj", "{C1E89A7E-FD94-47ED-B020-E8373E6AA3B3}"
EndProject
Project("{8BC9CEB8-8B4A-11D0-8D11-00A0C91BC942}") = "MatrixMultiplication", "MatrixMultiplication\MatrixMultiplication.vcxproj", "{B7B998EC-2407-4B4B-9E84-AE4368C2F6BD}"
EndProject
Project("{8BC9CEB8-8B4A-11D0-8D11-00A0C91BC942}") = "PageRank", "PageRank\PageRank.vcxproj", "{E3721B94-DB96-4027-90E9-AA2D1F8E33E5}"
EndProject
Project("{8BC9CEB8-8B4A-11D0-8D11-00A0C91BC942}") = "Sobel", "Sobel\Sobel.vcxproj", "{C3235765-47D3-4084-965F-86ABED0F1378}"
EndProject
Global
	GlobalSection(SolutionConfigurationPlatforms) = preSolution
		Debug|x64 = Debug|x64
		Debug|x86 = Debug|x86
		Release|x64 = Release|x64
		Release|x86 = Release|x86
	EndGlobalSection
	GlobalSection(ProjectConfigurationPlatforms) = postSolution
		{9D380A84-BF10-4A0F-ABDB-DB6D30757329}.Debug|x64.ActiveCfg = Debug|x64
		{9D380A84-BF10-4A0F-ABDB-DB6D30757329}.Debug|x64.Build.0 = Debug|x64
		{9D380A84-BF10-4A0F-ABDB-DB6D30757329}.Debug|x86.ActiveCfg = Debug|Win32
		{9D380A84-BF10-4A0F-ABDB-DB6D30757329}.Debug|x86.Build.0 = Debug|Win32
		{9D380A84-BF10-4A0F-ABDB-DB6D30757329}.Release|x64.ActiveCfg = Release|x64
		{9D380A84-BF10-4A0F-ABDB-DB6D30757329}.Release|x64.Build.0 = Release|x64
		{9D380A84-BF10-4A0F-ABDB-DB6D30757329}.Release|x86.ActiveCfg = Release|Win32
		{9D380A84-BF10-4A0F-ABDB-DB6D30757329}.Release|x86.Build.0 = Release|Win32
		{C1E89A7E-FD94-47ED-B020-E8373E6AA3B3}.Debug|x64.ActiveCfg = Debug|x64
		{C1E89A7E-FD94-47ED-B020-E8373E6AA3B3}.Debug|x64.Build.0 = Debug|x64
		{C1E89A7E-FD94-47ED-B020-E8373E6AA3B3}.Debug|x86.ActiveCfg = Debug|Win32
		{C1E89A7E-FD94-47ED-B020-E8373E6AA3B3}.Debug|x86.Build.0 = Debug|Win32
		{C1E89A7E-FD94-47ED-B020-E8373E6AA3B3}.Release|x64.ActiveCfg = Release|x64
		{C1E89A7E-FD94-47ED-B020-E8373E6AA3B3}.Release|x64.Build.0 = Release|x64
		{C1E89A7E-FD94-47ED-B020-E8373E6AA3B3}.Release|x86.ActiveCfg = Release|Win32
		{C1E89A7E-FD94-47ED-B020-E8373E6AA3B3}.Release|x86.Build.0 = Release|Win32
		{B7B998EC-2407-4B4B-9E84-AE4368C2F6BD}.Debug|x64.ActiveCfg = Debug|x64
		{B7B998EC-2407-4B4B-9E84-AE4368C2F6BD}.Debug|x64.Build.0 = Debug|x64
		{B7B998EC-2407-4B4B-9E84-AE4368C2F6BD}.Debug|x86.ActiveCfg = Debug|Win32
		{B7B998EC-2407-4B4B-9E84-AE4368C2F6BD}.Debug|x86.Build.0 = Debug|Win32
		{B7B998EC-2407-4B4B-9E84-AE4368C2F6BD}.Release|x64.ActiveCfg = Release|x64
		{B7B998EC-2407-4B4B-9E84-AE4368C2F6BD}.Release|x64.Build.0 = Release|x64
		{B7B998EC-2407-4B4B-9E84-AE4368C2F6BD}.Release|x86.ActiveCfg = Release|Win32
		{B7B998EC-2407-4B4B-9E84-AE4368C2F6BD}.Release|x86.Build.0 = Release|Win32
		{E3721B94-DB96-4027-90E9-AA2D1F8E33E5}.Debug|x64.ActiveCfg = Debug|x64
		{E3721B94-DB96-4027-90E9-AA2D1F8E33E5}.Debug|x64.Build.0 = Debug|x64
		{E3721B94-DB96-4027-90E9-AA2D1F8E33E5}.Debug|x86.ActiveCfg = Debug|Win32
		{E3721B94-DB96-4027-90E9-AA2D1F8E33E5}.Debug|x86.Build.0 = Debug|Win32
		{E3721B94-DB96-4027-90E9-AA2D1F8E33E5}.Release|x64.ActiveCfg = Release|x64
		{E3721B94-DB96-4027-90E9-AA2D1F8E33E5}.Release|x64.Build.0 = Release|x64
		{E3721B94-DB96-4027-90E9-AA2D1F8E33E5}.Release|x86.ActiveCfg = Release|Win32
		{E3721B94-DB96-4027-90E9-AA2D1F8E33E5}.Release|x86.Build.0 = Release|Win32
		{C3235765-47D3-4084-965F-86ABED0F1378}.Debug|x64.ActiveCfg = Debug|x64
		{C3235765-47D3-4084-965F-86ABED0F1378}.Debug|x64.Build.0 = Debug|x64
		{C3235765-47D3-4084-965F-86ABED0F1378}.Debug|x86.ActiveCfg = Debug|Win32
		{C3235765-47D3-4084-965F-86ABED0F1378}.Debug|x86.Build.0 = Debug|Win32
		{C3235765-47D3-4084-965F-86ABED0F1378}.Release|x64.ActiveCfg = Release|x64
		{C3235765-47D3-4084-965F-86ABED0F1378}.Release|x64.Build.0 = Release|x64
		{C3235765-47D3-4084-965F-86ABED0F1378}.Release|x86.ActiveCfg = Release|Win32
		{C3235765-47D3-4084-965F-86ABED0F1378}.Release|x86.Build.0 = Release|Win32
	EndGlobalSection
	GlobalSection(SolutionProperties) = preSolution
		HideSolutionNode = FALSE
	EndGlobalSection
EndGlobal
